
Microsoft Visual Studio Solution File, Format Version 12.00
# Visual Studio Version 16
VisualStudioVersion = 16.0.30114.105
MinimumVisualStudioVersion = 10.0.40219.1
Project("{FAE04EC0-301F-11D3-BF4B-00C04F79EFBC}") = "Linq", "Linq\Linq.csproj", "{8180B582-B100-467A-8AA4-C945D828F0F9}"
EndProject
Global
	GlobalSection(SolutionConfigurationPlatforms) = preSolution
		Debug|Any CPU = Debug|Any CPU
		Release|Any CPU = Release|Any CPU
	EndGlobalSection
	GlobalSection(ProjectConfigurationPlatforms) = postSolution
		{8180B582-B100-467A-8AA4-C945D828F0F9}.Debug|Any CPU.ActiveCfg = Debug|Any CPU
		{8180B582-B100-467A-8AA4-C945D828F0F9}.Debug|Any CPU.Build.0 = Debug|Any CPU
		{8180B582-B100-467A-8AA4-C945D828F0F9}.Release|Any CPU.ActiveCfg = Release|Any CPU
		{8180B582-B100-467A-8AA4-C945D828F0F9}.Release|Any CPU.Build.0 = Release|Any CPU
	EndGlobalSection
	GlobalSection(SolutionProperties) = preSolution
		HideSolutionNode = FALSE
	EndGlobalSection
	GlobalSection(ExtensibilityGlobals) = postSolution
		SolutionGuid = {85B83EB7-796F-4BC3-9C90-4FE45B7F2CE1}
	EndGlobalSection
EndGlobal
